// !$*UTF8*$!
{
	archiveVersion = 1;
	classes = {
	};
	objectVersion = 77;
	objects = {

/* Begin PBXBuildFile section */
		184F4C9B2DD8373400614075 /* GoogleSignIn in Frameworks */ = {isa = PBXBuildFile; productRef = 184F4C9A2DD8373400614075 /* GoogleSignIn */; };
		184F4C9D2DD8373400614075 /* GoogleSignInSwift in Frameworks */ = {isa = PBXBuildFile; productRef = 184F4C9C2DD8373400614075 /* GoogleSignInSwift */; };
		184F4CA22DD8388900614075 /* FirebaseCore in Frameworks */ = {isa = PBXBuildFile; productRef = 184F4CA12DD8388900614075 /* FirebaseCore */; };
		184F4CA42DD8388F00614075 /* FirebaseAuth in Frameworks */ = {isa = PBXBuildFile; productRef = 184F4CA32DD8388F00614075 /* FirebaseAuth */; };
		184F4CA62DD838A400614075 /* FirebaseAnalytics in Frameworks */ = {isa = PBXBuildFile; productRef = 184F4CA52DD838A400614075 /* FirebaseAnalytics */; };
		184F4CA82DD838C000614075 /* FirebaseAnalyticsOnDeviceConversion in Frameworks */ = {isa = PBXBuildFile; productRef = 184F4CA72DD838C000614075 /* FirebaseAnalyticsOnDeviceConversion */; };
		184F4CAA2DD838C500614075 /* FirebaseAnalyticsWithoutAdIdSupport in Frameworks */ = {isa = PBXBuildFile; productRef = 184F4CA92DD838C500614075 /* FirebaseAnalyticsWithoutAdIdSupport */; };
		184F4CAC2DD838CF00614075 /* FirebaseAppCheck in Frameworks */ = {isa = PBXBuildFile; productRef = 184F4CAB2DD838CF00614075 /* FirebaseAppCheck */; };
		184F4CAE2DD838D800614075 /* FirebaseAuthCombine-Community in Frameworks */ = {isa = PBXBuildFile; productRef = 184F4CAD2DD838D800614075 /* FirebaseAuthCombine-Community */; };
		184F4CB02DD838EA00614075 /* FirebaseCrashlytics in Frameworks */ = {isa = PBXBuildFile; productRef = 184F4CAF2DD838EA00614075 /* FirebaseCrashlytics */; };
		184F4CB22DD838EA00614075 /* FirebaseDatabase in Frameworks */ = {isa = PBXBuildFile; productRef = 184F4CB12DD838EA00614075 /* FirebaseDatabase */; };
		184F4CB42DD838EA00614075 /* FirebaseDynamicLinks in Frameworks */ = {isa = PBXBuildFile; productRef = 184F4CB32DD838EA00614075 /* FirebaseDynamicLinks */; };
		184F4CB62DD838EA00614075 /* FirebaseFirestore in Frameworks */ = {isa = PBXBuildFile; productRef = 184F4CB52DD838EA00614075 /* FirebaseFirestore */; };
/* End PBXBuildFile section */

/* Begin PBXFileReference section */
		184F4B4B2DD771B500614075 /* NewsProfile.app */ = {isa = PBXFileReference; explicitFileType = wrapper.application; includeInIndex = 0; path = NewsProfile.app; sourceTree = BUILT_PRODUCTS_DIR; };
/* End PBXFileReference section */

/* Begin PBXFileSystemSynchronizedBuildFileExceptionSet section */
		184F4B602DD771B800614075 /* Exceptions for "NewsProfile" folder in "NewsProfile" target */ = {
			isa = PBXFileSystemSynchronizedBuildFileExceptionSet;
			membershipExceptions = (
				Info.plist,
			);
			target = 184F4B4A2DD771B500614075 /* NewsProfile */;
		};
/* End PBXFileSystemSynchronizedBuildFileExceptionSet section */

/* Begin PBXFileSystemSynchronizedRootGroup section */
		184F4B4D2DD771B500614075 /* NewsProfile */ = {
			isa = PBXFileSystemSynchronizedRootGroup;
			exceptions = (
				184F4B602DD771B800614075 /* Exceptions for "NewsProfile" folder in "NewsProfile" target */,
			);
			path = NewsProfile;
			sourceTree = "<group>";
		};
/* End PBXFileSystemSynchronizedRootGroup section */

/* Begin PBXFrameworksBuildPhase section */
		184F4B482DD771B500614075 /* Frameworks */ = {
			isa = PBXFrameworksBuildPhase;
			buildActionMask = 2147483647;
			files = (
				184F4CAC2DD838CF00614075 /* FirebaseAppCheck in Frameworks */,
				184F4CB62DD838EA00614075 /* FirebaseFirestore in Frameworks */,
				184F4CAE2DD838D800614075 /* FirebaseAuthCombine-Community in Frameworks */,
				184F4C9B2DD8373400614075 /* GoogleSignIn in Frameworks */,
				184F4CA82DD838C000614075 /* FirebaseAnalyticsOnDeviceConversion in Frameworks */,
				184F4CA22DD8388900614075 /* FirebaseCore in Frameworks */,
				184F4C9D2DD8373400614075 /* GoogleSignInSwift in Frameworks */,
				184F4CAA2DD838C500614075 /* FirebaseAnalyticsWithoutAdIdSupport in Frameworks */,
				184F4CB02DD838EA00614075 /* FirebaseCrashlytics in Frameworks */,
				184F4CB22DD838EA00614075 /* FirebaseDatabase in Frameworks */,
				184F4CA62DD838A400614075 /* FirebaseAnalytics in Frameworks */,
				184F4CA42DD8388F00614075 /* FirebaseAuth in Frameworks */,
				184F4CB42DD838EA00614075 /* FirebaseDynamicLinks in Frameworks */,
			);
			runOnlyForDeploymentPostprocessing = 0;
		};
/* End PBXFrameworksBuildPhase section */

/* Begin PBXGroup section */
		184F4B422DD771B500614075 = {
			isa = PBXGroup;
			children = (
				184F4B4D2DD771B500614075 /* NewsProfile */,
				184F4CA02DD8388900614075 /* Frameworks */,
				184F4B4C2DD771B500614075 /* Products */,
			);
			sourceTree = "<group>";
		};
		184F4B4C2DD771B500614075 /* Products */ = {
			isa = PBXGroup;
			children = (
				184F4B4B2DD771B500614075 /* NewsProfile.app */,
			);
			name = Products;
			sourceTree = "<group>";
		};
		184F4CA02DD8388900614075 /* Frameworks */ = {
			isa = PBXGroup;
			children = (
			);
			name = Frameworks;
			sourceTree = "<group>";
		};
/* End PBXGroup section */

/* Begin PBXNativeTarget section */
		184F4B4A2DD771B500614075 /* NewsProfile */ = {
			isa = PBXNativeTarget;
			buildConfigurationList = 184F4B612DD771B800614075 /* Build configuration list for PBXNativeTarget "NewsProfile" */;
			buildPhases = (
				184F4B472DD771B500614075 /* Sources */,
				184F4B482DD771B500614075 /* Frameworks */,
				184F4B492DD771B500614075 /* Resources */,
			);
			buildRules = (
			);
			dependencies = (
			);
			fileSystemSynchronizedGroups = (
				184F4B4D2DD771B500614075 /* NewsProfile */,
			);
			name = NewsProfile;
			packageProductDependencies = (
				184F4C9A2DD8373400614075 /* GoogleSignIn */,
				184F4C9C2DD8373400614075 /* GoogleSignInSwift */,
				184F4CA12DD8388900614075 /* FirebaseCore */,
				184F4CA32DD8388F00614075 /* FirebaseAuth */,
				184F4CA52DD838A400614075 /* FirebaseAnalytics */,
				184F4CA72DD838C000614075 /* FirebaseAnalyticsOnDeviceConversion */,
				184F4CA92DD838C500614075 /* FirebaseAnalyticsWithoutAdIdSupport */,
				184F4CAB2DD838CF00614075 /* FirebaseAppCheck */,
				184F4CAD2DD838D800614075 /* FirebaseAuthCombine-Community */,
				184F4CAF2DD838EA00614075 /* FirebaseCrashlytics */,
				184F4CB12DD838EA00614075 /* FirebaseDatabase */,
				184F4CB32DD838EA00614075 /* FirebaseDynamicLinks */,
				184F4CB52DD838EA00614075 /* FirebaseFirestore */,
			);
			productName = NewsProfile;
			productReference = 184F4B4B2DD771B500614075 /* NewsProfile.app */;
			productType = "com.apple.product-type.application";
		};
/* End PBXNativeTarget section */

/* Begin PBXProject section */
		184F4B432DD771B500614075 /* Project object */ = {
			isa = PBXProject;
			attributes = {
				BuildIndependentTargetsInParallel = 1;
				LastSwiftUpdateCheck = 1630;
				LastUpgradeCheck = 1630;
				TargetAttributes = {
					184F4B4A2DD771B500614075 = {
						CreatedOnToolsVersion = 16.3;
					};
				};
			};
			buildConfigurationList = 184F4B462DD771B500614075 /* Build configuration list for PBXProject "NewsProfile" */;
			developmentRegion = en;
			hasScannedForEncodings = 0;
			knownRegions = (
				en,
				Base,
			);
			mainGroup = 184F4B422DD771B500614075;
			minimizedProjectReferenceProxies = 1;
			packageReferences = (
				184F4C982DD836F100614075 /* XCRemoteSwiftPackageReference "firebase-ios-sdk" */,
				184F4C992DD8373400614075 /* XCRemoteSwiftPackageReference "GoogleSignIn-iOS" */,
			);
			preferredProjectObjectVersion = 77;
			productRefGroup = 184F4B4C2DD771B500614075 /* Products */;
			projectDirPath = "";
			projectRoot = "";
			targets = (
				184F4B4A2DD771B500614075 /* NewsProfile */,
			);
		};
/* End PBXProject section */

/* Begin PBXResourcesBuildPhase section */
		184F4B492DD771B500614075 /* Resources */ = {
			isa = PBXResourcesBuildPhase;
			buildActionMask = 2147483647;
			files = (
			);
			runOnlyForDeploymentPostprocessing = 0;
		};
/* End PBXResourcesBuildPhase section */

/* Begin PBXSourcesBuildPhase section */
		184F4B472DD771B500614075 /* Sources */ = {
			isa = PBXSourcesBuildPhase;
			buildActionMask = 2147483647;
			files = (
			);
			runOnlyForDeploymentPostprocessing = 0;
		};
/* End PBXSourcesBuildPhase section */

/* Begin XCBuildConfiguration section */
		184F4B622DD771B800614075 /* Debug */ = {
			isa = XCBuildConfiguration;
			buildSettings = {
				ASSETCATALOG_COMPILER_APPICON_NAME = AppIcon;
				ASSETCATALOG_COMPILER_GLOBAL_ACCENT_COLOR_NAME = AccentColor;
				CODE_SIGN_STYLE = Automatic;
				CURRENT_PROJECT_VERSION = 1;
				DEVELOPMENT_TEAM = J3B8WEL9XP;
				GENERATE_INFOPLIST_FILE = YES;
				INFOPLIST_FILE = NewsProfile/Info.plist;
				INFOPLIST_KEY_NSCameraUsageDescription = "We need access to your camera to take your profile picture";
				INFOPLIST_KEY_NSLocationAlwaysAndWhenInUseUsageDescription = "We need your location to show it on your profile";
				INFOPLIST_KEY_NSLocationAlwaysUsageDescription = "We need your location to show it on your profile";
				INFOPLIST_KEY_NSLocationWhenInUseUsageDescription = "We need your location to show it on your profile";
				INFOPLIST_KEY_NSPhotoLibraryAddUsageDescription = "This app requires to access your photo library to save the image to photo library.";
				INFOPLIST_KEY_NSPhotoLibraryUsageDescription = "This lets you share photos from your library and save photos to your Camera Roll.";
				INFOPLIST_KEY_UIApplicationSupportsIndirectInputEvents = YES;
				INFOPLIST_KEY_UILaunchStoryboardName = LaunchScreen;
				INFOPLIST_KEY_UIMainStoryboardFile = Main;
				INFOPLIST_KEY_UISupportedInterfaceOrientations = UIInterfaceOrientationPortrait;
				INFOPLIST_KEY_UISupportedInterfaceOrientations_iPad = "UIInterfaceOrientationLandscapeLeft UIInterfaceOrientationLandscapeRight UIInterfaceOrientationPortrait UIInterfaceOrientationPortraitUpsideDown";
				IPHONEOS_DEPLOYMENT_TARGET = 15.6;
				LD_RUNPATH_SEARCH_PATHS = (
					"$(inherited)",
					"@executable_path/Frameworks",
				);
				MARKETING_VERSION = 1.0;
				PRODUCT_BUNDLE_IDENTIFIER = com.spoors.effortNXT;
				PRODUCT_NAME = "$(TARGET_NAME)";
				SWIFT_EMIT_LOC_STRINGS = YES;
				SWIFT_VERSION = 5.0;
				TARGETED_DEVICE_FAMILY = "1,2";
			};
			name = Debug;
		};
		184F4B632DD771B800614075 /* Release */ = {
			isa = XCBuildConfiguration;
			buildSettings = {
				ASSETCATALOG_COMPILER_APPICON_NAME = AppIcon;
				ASSETCATALOG_COMPILER_GLOBAL_ACCENT_COLOR_NAME = AccentColor;
				CODE_SIGN_STYLE = Automatic;
				CURRENT_PROJECT_VERSION = 1;
				DEVELOPMENT_TEAM = J3B8WEL9XP;
				GENERATE_INFOPLIST_FILE = YES;
				INFOPLIST_FILE = NewsProfile/Info.plist;
				INFOPLIST_KEY_NSCameraUsageDescription = "We need access to your camera to take your profile picture";
				INFOPLIST_KEY_NSLocationAlwaysAndWhenInUseUsageDescription = "We need your location to show it on your profile";
				INFOPLIST_KEY_NSLocationAlwaysUsageDescription = "We need your location to show it on your profile";
				INFOPLIST_KEY_NSLocationWhenInUseUsageDescription = "We need your location to show it on your profile";
				INFOPLIST_KEY_NSPhotoLibraryAddUsageDescription = "This app requires to access your photo library to save the image to photo library.";
				INFOPLIST_KEY_NSPhotoLibraryUsageDescription = "This lets you share photos from your library and save photos to your Camera Roll.";
				INFOPLIST_KEY_UIApplicationSupportsIndirectInputEvents = YES;
				INFOPLIST_KEY_UILaunchStoryboardName = LaunchScreen;
				INFOPLIST_KEY_UIMainStoryboardFile = Main;
				INFOPLIST_KEY_UISupportedInterfaceOrientations = UIInterfaceOrientationPortrait;
				INFOPLIST_KEY_UISupportedInterfaceOrientations_iPad = "UIInterfaceOrientationLandscapeLeft UIInterfaceOrientationLandscapeRight UIInterfaceOrientationPortrait UIInterfaceOrientationPortraitUpsideDown";
				IPHONEOS_DEPLOYMENT_TARGET = 15.6;
				LD_RUNPATH_SEARCH_PATHS = (
					"$(inherited)",
					"@executable_path/Frameworks",
				);
				MARKETING_VERSION = 1.0;
				PRODUCT_BUNDLE_IDENTIFIER = com.spoors.effortNXT;
				PRODUCT_NAME = "$(TARGET_NAME)";
				SWIFT_EMIT_LOC_STRINGS = YES;
				SWIFT_VERSION = 5.0;
				TARGETED_DEVICE_FAMILY = "1,2";
			};
			name = Release;
		};
		184F4B642DD771B800614075 /* Debug */ = {
			isa = XCBuildConfiguration;
			buildSettings = {
				ALWAYS_SEARCH_USER_PATHS = NO;
				ASSETCATALOG_COMPILER_GENERATE_SWIFT_ASSET_SYMBOL_EXTENSIONS = YES;
				CLANG_ANALYZER_NONNULL = YES;
				CLANG_ANALYZER_NUMBER_OBJECT_CONVERSION = YES_AGGRESSIVE;
				CLANG_CXX_LANGUAGE_STANDARD = "gnu++20";
				CLANG_ENABLE_MODULES = YES;
				CLANG_ENABLE_OBJC_ARC = YES;
				CLANG_ENABLE_OBJC_WEAK = YES;
				CLANG_WARN_BLOCK_CAPTURE_AUTORELEASING = YES;
				CLANG_WARN_BOOL_CONVERSION = YES;
				CLANG_WARN_COMMA = YES;
				CLANG_WARN_CONSTANT_CONVERSION = YES;
				CLANG_WARN_DEPRECATED_OBJC_IMPLEMENTATIONS = YES;
				CLANG_WARN_DIRECT_OBJC_ISA_USAGE = YES_ERROR;
				CLANG_WARN_DOCUMENTATION_COMMENTS = YES;
				CLANG_WARN_EMPTY_BODY = YES;
				CLANG_WARN_ENUM_CONVERSION = YES;
				CLANG_WARN_INFINITE_RECURSION = YES;
				CLANG_WARN_INT_CONVERSION = YES;
				CLANG_WARN_NON_LITERAL_NULL_CONVERSION = YES;
				CLANG_WARN_OBJC_IMPLICIT_RETAIN_SELF = YES;
				CLANG_WARN_OBJC_LITERAL_CONVERSION = YES;
				CLANG_WARN_OBJC_ROOT_CLASS = YES_ERROR;
				CLANG_WARN_QUOTED_INCLUDE_IN_FRAMEWORK_HEADER = YES;
				CLANG_WARN_RANGE_LOOP_ANALYSIS = YES;
				CLANG_WARN_STRICT_PROTOTYPES = YES;
				CLANG_WARN_SUSPICIOUS_MOVE = YES;
				CLANG_WARN_UNGUARDED_AVAILABILITY = YES_AGGRESSIVE;
				CLANG_WARN_UNREACHABLE_CODE = YES;
				CLANG_WARN__DUPLICATE_METHOD_MATCH = YES;
				COPY_PHASE_STRIP = NO;
				DEBUG_INFORMATION_FORMAT = dwarf;
				ENABLE_STRICT_OBJC_MSGSEND = YES;
				ENABLE_TESTABILITY = YES;
				ENABLE_USER_SCRIPT_SANDBOXING = YES;
				GCC_C_LANGUAGE_STANDARD = gnu17;
				GCC_DYNAMIC_NO_PIC = NO;
				GCC_NO_COMMON_BLOCKS = YES;
				GCC_OPTIMIZATION_LEVEL = 0;
				GCC_PREPROCESSOR_DEFINITIONS = (
					"DEBUG=1",
					"$(inherited)",
				);
				GCC_WARN_64_TO_32_BIT_CONVERSION = YES;
				GCC_WARN_ABOUT_RETURN_TYPE = YES_ERROR;
				GCC_WARN_UNDECLARED_SELECTOR = YES;
				GCC_WARN_UNINITIALIZED_AUTOS = YES_AGGRESSIVE;
				GCC_WARN_UNUSED_FUNCTION = YES;
				GCC_WARN_UNUSED_VARIABLE = YES;
				IPHONEOS_DEPLOYMENT_TARGET = 18.4;
				LOCALIZATION_PREFERS_STRING_CATALOGS = YES;
				MTL_ENABLE_DEBUG_INFO = INCLUDE_SOURCE;
				MTL_FAST_MATH = YES;
				ONLY_ACTIVE_ARCH = YES;
				SDKROOT = iphoneos;
				SWIFT_ACTIVE_COMPILATION_CONDITIONS = "DEBUG $(inherited)";
				SWIFT_OPTIMIZATION_LEVEL = "-Onone";
			};
			name = Debug;
		};
		184F4B652DD771B800614075 /* Release */ = {
			isa = XCBuildConfiguration;
			buildSettings = {
				ALWAYS_SEARCH_USER_PATHS = NO;
				ASSETCATALOG_COMPILER_GENERATE_SWIFT_ASSET_SYMBOL_EXTENSIONS = YES;
				CLANG_ANALYZER_NONNULL = YES;
				CLANG_ANALYZER_NUMBER_OBJECT_CONVERSION = YES_AGGRESSIVE;
				CLANG_CXX_LANGUAGE_STANDARD = "gnu++20";
				CLANG_ENABLE_MODULES = YES;
				CLANG_ENABLE_OBJC_ARC = YES;
				CLANG_ENABLE_OBJC_WEAK = YES;
				CLANG_WARN_BLOCK_CAPTURE_AUTORELEASING = YES;
				CLANG_WARN_BOOL_CONVERSION = YES;
				CLANG_WARN_COMMA = YES;
				CLANG_WARN_CONSTANT_CONVERSION = YES;
				CLANG_WARN_DEPRECATED_OBJC_IMPLEMENTATIONS = YES;
				CLANG_WARN_DIRECT_OBJC_ISA_USAGE = YES_ERROR;
				CLANG_WARN_DOCUMENTATION_COMMENTS = YES;
				CLANG_WARN_EMPTY_BODY = YES;
				CLANG_WARN_ENUM_CONVERSION = YES;
				CLANG_WARN_INFINITE_RECURSION = YES;
				CLANG_WARN_INT_CONVERSION = YES;
				CLANG_WARN_NON_LITERAL_NULL_CONVERSION = YES;
				CLANG_WARN_OBJC_IMPLICIT_RETAIN_SELF = YES;
				CLANG_WARN_OBJC_LITERAL_CONVERSION = YES;
				CLANG_WARN_OBJC_ROOT_CLASS = YES_ERROR;
				CLANG_WARN_QUOTED_INCLUDE_IN_FRAMEWORK_HEADER = YES;
				CLANG_WARN_RANGE_LOOP_ANALYSIS = YES;
				CLANG_WARN_STRICT_PROTOTYPES = YES;
				CLANG_WARN_SUSPICIOUS_MOVE = YES;
				CLANG_WARN_UNGUARDED_AVAILABILITY = YES_AGGRESSIVE;
				CLANG_WARN_UNREACHABLE_CODE = YES;
				CLANG_WARN__DUPLICATE_METHOD_MATCH = YES;
				COPY_PHASE_STRIP = NO;
				DEBUG_INFORMATION_FORMAT = "dwarf-with-dsym";
				ENABLE_NS_ASSERTIONS = NO;
				ENABLE_STRICT_OBJC_MSGSEND = YES;
				ENABLE_USER_SCRIPT_SANDBOXING = YES;
				GCC_C_LANGUAGE_STANDARD = gnu17;
				GCC_NO_COMMON_BLOCKS = YES;
				GCC_WARN_64_TO_32_BIT_CONVERSION = YES;
				GCC_WARN_ABOUT_RETURN_TYPE = YES_ERROR;
				GCC_WARN_UNDECLARED_SELECTOR = YES;
				GCC_WARN_UNINITIALIZED_AUTOS = YES_AGGRESSIVE;
				GCC_WARN_UNUSED_FUNCTION = YES;
				GCC_WARN_UNUSED_VARIABLE = YES;
				IPHONEOS_DEPLOYMENT_TARGET = 18.4;
				LOCALIZATION_PREFERS_STRING_CATALOGS = YES;
				MTL_ENABLE_DEBUG_INFO = NO;
				MTL_FAST_MATH = YES;
				SDKROOT = iphoneos;
				SWIFT_COMPILATION_MODE = wholemodule;
				VALIDATE_PRODUCT = YES;
			};
			name = Release;
		};
/* End XCBuildConfiguration section */

/* Begin XCConfigurationList section */
		184F4B462DD771B500614075 /* Build configuration list for PBXProject "NewsProfile" */ = {
			isa = XCConfigurationList;
			buildConfigurations = (
				184F4B642DD771B800614075 /* Debug */,
				184F4B652DD771B800614075 /* Release */,
			);
			defaultConfigurationIsVisible = 0;
			defaultConfigurationName = Release;
		};
		184F4B612DD771B800614075 /* Build configuration list for PBXNativeTarget "NewsProfile" */ = {
			isa = XCConfigurationList;
			buildConfigurations = (
				184F4B622DD771B800614075 /* Debug */,
				184F4B632DD771B800614075 /* Release */,
			);
			defaultConfigurationIsVisible = 0;
			defaultConfigurationName = Release;
		};
/* End XCConfigurationList section */

/* Begin XCRemoteSwiftPackageReference section */
		184F4C982DD836F100614075 /* XCRemoteSwiftPackageReference "firebase-ios-sdk" */ = {
			isa = XCRemoteSwiftPackageReference;
			repositoryURL = "https://github.com/firebase/firebase-ios-sdk.git";
			requirement = {
				kind = upToNextMajorVersion;
				minimumVersion = 11.12.0;
			};
		};
		184F4C992DD8373400614075 /* XCRemoteSwiftPackageReference "GoogleSignIn-iOS" */ = {
			isa = XCRemoteSwiftPackageReference;
			repositoryURL = "https://github.com/google/GoogleSignIn-iOS";
			requirement = {
				kind = upToNextMajorVersion;
				minimumVersion = 8.0.0;
			};
		};
/* End XCRemoteSwiftPackageReference section */

/* Begin XCSwiftPackageProductDependency section */
		184F4C9A2DD8373400614075 /* GoogleSignIn */ = {
			isa = XCSwiftPackageProductDependency;
			package = 184F4C992DD8373400614075 /* XCRemoteSwiftPackageReference "GoogleSignIn-iOS" */;
			productName = GoogleSignIn;
		};
		184F4C9C2DD8373400614075 /* GoogleSignInSwift */ = {
			isa = XCSwiftPackageProductDependency;
			package = 184F4C992DD8373400614075 /* XCRemoteSwiftPackageReference "GoogleSignIn-iOS" */;
			productName = GoogleSignInSwift;
		};
		184F4CA12DD8388900614075 /* FirebaseCore */ = {
			isa = XCSwiftPackageProductDependency;
			package = 184F4C982DD836F100614075 /* XCRemoteSwiftPackageReference "firebase-ios-sdk" */;
			productName = FirebaseCore;
		};
		184F4CA32DD8388F00614075 /* FirebaseAuth */ = {
			isa = XCSwiftPackageProductDependency;
			package = 184F4C982DD836F100614075 /* XCRemoteSwiftPackageReference "firebase-ios-sdk" */;
			productName = FirebaseAuth;
		};
		184F4CA52DD838A400614075 /* FirebaseAnalytics */ = {
			isa = XCSwiftPackageProductDependency;
			package = 184F4C982DD836F100614075 /* XCRemoteSwiftPackageReference "firebase-ios-sdk" */;
			productName = FirebaseAnalytics;
		};
		184F4CA72DD838C000614075 /* FirebaseAnalyticsOnDeviceConversion */ = {
			isa = XCSwiftPackageProductDependency;
			package = 184F4C982DD836F100614075 /* XCRemoteSwiftPackageReference "firebase-ios-sdk" */;
			productName = FirebaseAnalyticsOnDeviceConversion;
		};
		184F4CA92DD838C500614075 /* FirebaseAnalyticsWithoutAdIdSupport */ = {
			isa = XCSwiftPackageProductDependency;
			package = 184F4C982DD836F100614075 /* XCRemoteSwiftPackageReference "firebase-ios-sdk" */;
			productName = FirebaseAnalyticsWithoutAdIdSupport;
		};
		184F4CAB2DD838CF00614075 /* FirebaseAppCheck */ = {
			isa = XCSwiftPackageProductDependency;
			package = 184F4C982DD836F100614075 /* XCRemoteSwiftPackageReference "firebase-ios-sdk" */;
			productName = FirebaseAppCheck;
		};
		184F4CAD2DD838D800614075 /* FirebaseAuthCombine-Community */ = {
			isa = XCSwiftPackageProductDependency;
			package = 184F4C982DD836F100614075 /* XCRemoteSwiftPackageReference "firebase-ios-sdk" */;
			productName = "FirebaseAuthCombine-Community";
		};
		184F4CAF2DD838EA00614075 /* FirebaseCrashlytics */ = {
			isa = XCSwiftPackageProductDependency;
			package = 184F4C982DD836F100614075 /* XCRemoteSwiftPackageReference "firebase-ios-sdk" */;
			productName = FirebaseCrashlytics;
		};
		184F4CB12DD838EA00614075 /* FirebaseDatabase */ = {
			isa = XCSwiftPackageProductDependency;
			package = 184F4C982DD836F100614075 /* XCRemoteSwiftPackageReference "firebase-ios-sdk" */;
			productName = FirebaseDatabase;
		};
		184F4CB32DD838EA00614075 /* FirebaseDynamicLinks */ = {
			isa = XCSwiftPackageProductDependency;
			package = 184F4C982DD836F100614075 /* XCRemoteSwiftPackageReference "firebase-ios-sdk" */;
			productName = FirebaseDynamicLinks;
		};
		184F4CB52DD838EA00614075 /* FirebaseFirestore */ = {
			isa = XCSwiftPackageProductDependency;
			package = 184F4C982DD836F100614075 /* XCRemoteSwiftPackageReference "firebase-ios-sdk" */;
			productName = FirebaseFirestore;
		};
/* End XCSwiftPackageProductDependency section */
	};
	rootObject = 184F4B432DD771B500614075 /* Project object */;
}
